// !$*UTF8*$!
{
	archiveVersion = 1;
	classes = {
	};
	objectVersion = 77;
	objects = {

/* Begin PBXContainerItemProxy section */
		AEE957842D98D69B00CDF712 /* PBXContainerItemProxy */ = {
			isa = PBXContainerItemProxy;
			containerPortal = AEE957692D98D69900CDF712 /* Project object */;
			proxyType = 1;
			remoteGlobalIDString = AEE957702D98D69900CDF712;
			remoteInfo = SkySync;
		};
		AEE9578E2D98D69B00CDF712 /* PBXContainerItemProxy */ = {
			isa = PBXContainerItemProxy;
			containerPortal = AEE957692D98D69900CDF712 /* Project object */;
			proxyType = 1;
			remoteGlobalIDString = AEE957702D98D69900CDF712;
			remoteInfo = SkySync;
		};
/* End PBXContainerItemProxy section */

/* Begin PBXFileReference section */
		AEE957712D98D69900CDF712 /* SkySync.app */ = {isa = PBXFileReference; explicitFileType = wrapper.application; includeInIndex = 0; path = SkySync.app; sourceTree = BUILT_PRODUCTS_DIR; };
		AEE957832D98D69B00CDF712 /* SkySyncTests.xctest */ = {isa = PBXFileReference; explicitFileType = wrapper.cfbundle; includeInIndex = 0; path = SkySyncTests.xctest; sourceTree = BUILT_PRODUCTS_DIR; };
		AEE9578D2D98D69B00CDF712 /* SkySyncUITests.xctest */ = {isa = PBXFileReference; explicitFileType = wrapper.cfbundle; includeInIndex = 0; path = SkySyncUITests.xctest; sourceTree = BUILT_PRODUCTS_DIR; };
/* End PBXFileReference section */

/* Begin PBXFileSystemSynchronizedBuildFileExceptionSet section */
		AE8F8E632DAC676700DDDB4C /* Exceptions for "SkySync" folder in "SkySync" target */ = {
			isa = PBXFileSystemSynchronizedBuildFileExceptionSet;
			membershipExceptions = (
				Info.plist,
			);
			target = AEE957702D98D69900CDF712 /* SkySync */;
		};
/* End PBXFileSystemSynchronizedBuildFileExceptionSet section */

/* Begin PBXFileSystemSynchronizedRootGroup section */
		AEE957732D98D69900CDF712 /* SkySync */ = {
			isa = PBXFileSystemSynchronizedRootGroup;
			exceptions = (
				AE8F8E632DAC676700DDDB4C /* Exceptions for "SkySync" folder in "SkySync" target */,
			);
			path = SkySync;
			sourceTree = "<group>";
		};
		AEE957862D98D69B00CDF712 /* SkySyncTests */ = {
			isa = PBXFileSystemSynchronizedRootGroup;
			path = SkySyncTests;
			sourceTree = "<group>";
		};
		AEE957902D98D69B00CDF712 /* SkySyncUITests */ = {
			isa = PBXFileSystemSynchronizedRootGroup;
			path = SkySyncUITests;
			sourceTree = "<group>";
		};
/* End PBXFileSystemSynchronizedRootGroup section */

/* Begin PBXFrameworksBuildPhase section */
		AEE9576E2D98D69900CDF712 /* Frameworks */ = {
			isa = PBXFrameworksBuildPhase;
			buildActionMask = 2147483647;
			files = (
			);
			runOnlyForDeploymentPostprocessing = 0;
		};
		AEE957802D98D69B00CDF712 /* Frameworks */ = {
			isa = PBXFrameworksBuildPhase;
			buildActionMask = 2147483647;
			files = (
			);
			runOnlyForDeploymentPostprocessing = 0;
		};
		AEE9578A2D98D69B00CDF712 /* Frameworks */ = {
			isa = PBXFrameworksBuildPhase;
			buildActionMask = 2147483647;
			files = (
			);
			runOnlyForDeploymentPostprocessing = 0;
		};
/* End PBXFrameworksBuildPhase section */

/* Begin PBXGroup section */
		AEE957682D98D69900CDF712 = {
			isa = PBXGroup;
			children = (
				AEE957732D98D69900CDF712 /* SkySync */,
				AEE957862D98D69B00CDF712 /* SkySyncTests */,
				AEE957902D98D69B00CDF712 /* SkySyncUITests */,
				AEE957722D98D69900CDF712 /* Products */,
			);
			sourceTree = "<group>";
		};
		AEE957722D98D69900CDF712 /* Products */ = {
			isa = PBXGroup;
			children = (
				AEE957712D98D69900CDF712 /* SkySync.app */,
				AEE957832D98D69B00CDF712 /* SkySyncTests.xctest */,
				AEE9578D2D98D69B00CDF712 /* SkySyncUITests.xctest */,
			);
			name = Products;
			sourceTree = "<group>";
		};
/* End PBXGroup section */

/* Begin PBXNativeTarget section */
		AEE957702D98D69900CDF712 /* SkySync */ = {
			isa = PBXNativeTarget;
			buildConfigurationList = AEE957972D98D69B00CDF712 /* Build configuration list for PBXNativeTarget "SkySync" */;
			buildPhases = (
				AEE9576D2D98D69900CDF712 /* Sources */,
				AEE9576E2D98D69900CDF712 /* Frameworks */,
				AEE9576F2D98D69900CDF712 /* Resources */,
			);
			buildRules = (
			);
			dependencies = (
			);
			fileSystemSynchronizedGroups = (
				AEE957732D98D69900CDF712 /* SkySync */,
			);
			name = SkySync;
			packageProductDependencies = (
			);
			productName = SkySync;
			productReference = AEE957712D98D69900CDF712 /* SkySync.app */;
			productType = "com.apple.product-type.application";
		};
		AEE957822D98D69B00CDF712 /* SkySyncTests */ = {
			isa = PBXNativeTarget;
			buildConfigurationList = AEE9579A2D98D69B00CDF712 /* Build configuration list for PBXNativeTarget "SkySyncTests" */;
			buildPhases = (
				AEE9577F2D98D69B00CDF712 /* Sources */,
				AEE957802D98D69B00CDF712 /* Frameworks */,
				AEE957812D98D69B00CDF712 /* Resources */,
			);
			buildRules = (
			);
			dependencies = (
				AEE957852D98D69B00CDF712 /* PBXTargetDependency */,
			);
			fileSystemSynchronizedGroups = (
				AEE957862D98D69B00CDF712 /* SkySyncTests */,
			);
			name = SkySyncTests;
			packageProductDependencies = (
			);
			productName = SkySyncTests;
			productReference = AEE957832D98D69B00CDF712 /* SkySyncTests.xctest */;
			productType = "com.apple.product-type.bundle.unit-test";
		};
		AEE9578C2D98D69B00CDF712 /* SkySyncUITests */ = {
			isa = PBXNativeTarget;
			buildConfigurationList = AEE9579D2D98D69B00CDF712 /* Build configuration list for PBXNativeTarget "SkySyncUITests" */;
			buildPhases = (
				AEE957892D98D69B00CDF712 /* Sources */,
				AEE9578A2D98D69B00CDF712 /* Frameworks */,
				AEE9578B2D98D69B00CDF712 /* Resources */,
			);
			buildRules = (
			);
			dependencies = (
				AEE9578F2D98D69B00CDF712 /* PBXTargetDependency */,
			);
			fileSystemSynchronizedGroups = (
				AEE957902D98D69B00CDF712 /* SkySyncUITests */,
			);
			name = SkySyncUITests;
			packageProductDependencies = (
			);
			productName = SkySyncUITests;
			productReference = AEE9578D2D98D69B00CDF712 /* SkySyncUITests.xctest */;
			productType = "com.apple.product-type.bundle.ui-testing";
		};
/* End PBXNativeTarget section */

/* Begin PBXProject section */
		AEE957692D98D69900CDF712 /* Project object */ = {
			isa = PBXProject;
			attributes = {
				BuildIndependentTargetsInParallel = 1;
				LastSwiftUpdateCheck = 1620;
				LastUpgradeCheck = 1620;
				TargetAttributes = {
					AEE957702D98D69900CDF712 = {
						CreatedOnToolsVersion = 16.2;
					};
					AEE957822D98D69B00CDF712 = {
						CreatedOnToolsVersion = 16.2;
						TestTargetID = AEE957702D98D69900CDF712;
					};
					AEE9578C2D98D69B00CDF712 = {
						CreatedOnToolsVersion = 16.2;
						TestTargetID = AEE957702D98D69900CDF712;
					};
				};
			};
			buildConfigurationList = AEE9576C2D98D69900CDF712 /* Build configuration list for PBXProject "SkySync" */;
			developmentRegion = en;
			hasScannedForEncodings = 0;
			knownRegions = (
				en,
				Base,
			);
			mainGroup = AEE957682D98D69900CDF712;
			minimizedProjectReferenceProxies = 1;
			preferredProjectObjectVersion = 77;
			productRefGroup = AEE957722D98D69900CDF712 /* Products */;
			projectDirPath = "";
			projectRoot = "";
			targets = (
				AEE957702D98D69900CDF712 /* SkySync */,
				AEE957822D98D69B00CDF712 /* SkySyncTests */,
				AEE9578C2D98D69B00CDF712 /* SkySyncUITests */,
			);
		};
/* End PBXProject section */

/* Begin PBXResourcesBuildPhase section */
		AEE9576F2D98D69900CDF712 /* Resources */ = {
			isa = PBXResourcesBuildPhase;
			buildActionMask = 2147483647;
			files = (
			);
			runOnlyForDeploymentPostprocessing = 0;
		};
		AEE957812D98D69B00CDF712 /* Resources */ = {
			isa = PBXResourcesBuildPhase;
			buildActionMask = 2147483647;
			files = (
			);
			runOnlyForDeploymentPostprocessing = 0;
		};
		AEE9578B2D98D69B00CDF712 /* Resources */ = {
			isa = PBXResourcesBuildPhase;
			buildActionMask = 2147483647;
			files = (
			);
			runOnlyForDeploymentPostprocessing = 0;
		};
/* End PBXResourcesBuildPhase section */

/* Begin PBXSourcesBuildPhase section */
		AEE9576D2D98D69900CDF712 /* Sources */ = {
			isa = PBXSourcesBuildPhase;
			buildActionMask = 2147483647;
			files = (
			);
			runOnlyForDeploymentPostprocessing = 0;
		};
		AEE9577F2D98D69B00CDF712 /* Sources */ = {
			isa = PBXSourcesBuildPhase;
			buildActionMask = 2147483647;
			files = (
			);
			runOnlyForDeploymentPostprocessing = 0;
		};
		AEE957892D98D69B00CDF712 /* Sources */ = {
			isa = PBXSourcesBuildPhase;
			buildActionMask = 2147483647;
			files = (
			);
			runOnlyForDeploymentPostprocessing = 0;
		};
/* End PBXSourcesBuildPhase section */

/* Begin PBXTargetDependency section */
		AEE957852D98D69B00CDF712 /* PBXTargetDependency */ = {
			isa = PBXTargetDependency;
			target = AEE957702D98D69900CDF712 /* SkySync */;
			targetProxy = AEE957842D98D69B00CDF712 /* PBXContainerItemProxy */;
		};
		AEE9578F2D98D69B00CDF712 /* PBXTargetDependency */ = {
			isa = PBXTargetDependency;
			target = AEE957702D98D69900CDF712 /* SkySync */;
			targetProxy = AEE9578E2D98D69B00CDF712 /* PBXContainerItemProxy */;
		};
/* End PBXTargetDependency section */

/* Begin XCBuildConfiguration section */
		AEE957952D98D69B00CDF712 /* Debug */ = {
			isa = XCBuildConfiguration;
			buildSettings = {
				ALWAYS_SEARCH_USER_PATHS = NO;
				ASSETCATALOG_COMPILER_GENERATE_SWIFT_ASSET_SYMBOL_EXTENSIONS = YES;
				CLANG_ANALYZER_NONNULL = YES;
				CLANG_ANALYZER_NUMBER_OBJECT_CONVERSION = YES_AGGRESSIVE;
				CLANG_CXX_LANGUAGE_STANDARD = "gnu++20";
				CLANG_ENABLE_MODULES = YES;
				CLANG_ENABLE_OBJC_ARC = YES;
				CLANG_ENABLE_OBJC_WEAK = YES;
				CLANG_WARN_BLOCK_CAPTURE_AUTORELEASING = YES;
				CLANG_WARN_BOOL_CONVERSION = YES;
				CLANG_WARN_COMMA = YES;
				CLANG_WARN_CONSTANT_CONVERSION = YES;
				CLANG_WARN_DEPRECATED_OBJC_IMPLEMENTATIONS = YES;
				CLANG_WARN_DIRECT_OBJC_ISA_USAGE = YES_ERROR;
				CLANG_WARN_DOCUMENTATION_COMMENTS = YES;
				CLANG_WARN_EMPTY_BODY = YES;
				CLANG_WARN_ENUM_CONVERSION = YES;
				CLANG_WARN_INFINITE_RECURSION = YES;
				CLANG_WARN_INT_CONVERSION = YES;
				CLANG_WARN_NON_LITERAL_NULL_CONVERSION = YES;
				CLANG_WARN_OBJC_IMPLICIT_RETAIN_SELF = YES;
				CLANG_WARN_OBJC_LITERAL_CONVERSION = YES;
				CLANG_WARN_OBJC_ROOT_CLASS = YES_ERROR;
				CLANG_WARN_QUOTED_INCLUDE_IN_FRAMEWORK_HEADER = YES;
				CLANG_WARN_RANGE_LOOP_ANALYSIS = YES;
				CLANG_WARN_STRICT_PROTOTYPES = YES;
				CLANG_WARN_SUSPICIOUS_MOVE = YES;
				CLANG_WARN_UNGUARDED_AVAILABILITY = YES_AGGRESSIVE;
				CLANG_WARN_UNREACHABLE_CODE = YES;
				CLANG_WARN__DUPLICATE_METHOD_MATCH = YES;
				COPY_PHASE_STRIP = NO;
				DEBUG_INFORMATION_FORMAT = dwarf;
				ENABLE_STRICT_OBJC_MSGSEND = YES;
				ENABLE_TESTABILITY = YES;
				ENABLE_USER_SCRIPT_SANDBOXING = YES;
				GCC_C_LANGUAGE_STANDARD = gnu17;
				GCC_DYNAMIC_NO_PIC = NO;
				GCC_NO_COMMON_BLOCKS = YES;
				GCC_OPTIMIZATION_LEVEL = 0;
				GCC_PREPROCESSOR_DEFINITIONS = (
					"DEBUG=1",
					"$(inherited)",
				);
				GCC_WARN_64_TO_32_BIT_CONVERSION = YES;
				GCC_WARN_ABOUT_RETURN_TYPE = YES_ERROR;
				GCC_WARN_UNDECLARED_SELECTOR = YES;
				GCC_WARN_UNINITIALIZED_AUTOS = YES_AGGRESSIVE;
				GCC_WARN_UNUSED_FUNCTION = YES;
				GCC_WARN_UNUSED_VARIABLE = YES;
				IPHONEOS_DEPLOYMENT_TARGET = 18.2;
				LOCALIZATION_PREFERS_STRING_CATALOGS = YES;
				MTL_ENABLE_DEBUG_INFO = INCLUDE_SOURCE;
				MTL_FAST_MATH = YES;
				ONLY_ACTIVE_ARCH = YES;
				SDKROOT = iphoneos;
				SWIFT_ACTIVE_COMPILATION_CONDITIONS = "DEBUG $(inherited)";
				SWIFT_OPTIMIZATION_LEVEL = "-Onone";
			};
			name = Debug;
		};
		AEE957962D98D69B00CDF712 /* Release */ = {
			isa = XCBuildConfiguration;
			buildSettings = {
				ALWAYS_SEARCH_USER_PATHS = NO;
				ASSETCATALOG_COMPILER_GENERATE_SWIFT_ASSET_SYMBOL_EXTENSIONS = YES;
				CLANG_ANALYZER_NONNULL = YES;
				CLANG_ANALYZER_NUMBER_OBJECT_CONVERSION = YES_AGGRESSIVE;
				CLANG_CXX_LANGUAGE_STANDARD = "gnu++20";
				CLANG_ENABLE_MODULES = YES;
				CLANG_ENABLE_OBJC_ARC = YES;
				CLANG_ENABLE_OBJC_WEAK = YES;
				CLANG_WARN_BLOCK_CAPTURE_AUTORELEASING = YES;
				CLANG_WARN_BOOL_CONVERSION = YES;
				CLANG_WARN_COMMA = YES;
				CLANG_WARN_CONSTANT_CONVERSION = YES;
				CLANG_WARN_DEPRECATED_OBJC_IMPLEMENTATIONS = YES;
				CLANG_WARN_DIRECT_OBJC_ISA_USAGE = YES_ERROR;
				CLANG_WARN_DOCUMENTATION_COMMENTS = YES;
				CLANG_WARN_EMPTY_BODY = YES;
				CLANG_WARN_ENUM_CONVERSION = YES;
				CLANG_WARN_INFINITE_RECURSION = YES;
				CLANG_WARN_INT_CONVERSION = YES;
				CLANG_WARN_NON_LITERAL_NULL_CONVERSION = YES;
				CLANG_WARN_OBJC_IMPLICIT_RETAIN_SELF = YES;
				CLANG_WARN_OBJC_LITERAL_CONVERSION = YES;
				CLANG_WARN_OBJC_ROOT_CLASS = YES_ERROR;
				CLANG_WARN_QUOTED_INCLUDE_IN_FRAMEWORK_HEADER = YES;
				CLANG_WARN_RANGE_LOOP_ANALYSIS = YES;
				CLANG_WARN_STRICT_PROTOTYPES = YES;
				CLANG_WARN_SUSPICIOUS_MOVE = YES;
				CLANG_WARN_UNGUARDED_AVAILABILITY = YES_AGGRESSIVE;
				CLANG_WARN_UNREACHABLE_CODE = YES;
				CLANG_WARN__DUPLICATE_METHOD_MATCH = YES;
				COPY_PHASE_STRIP = NO;
				DEBUG_INFORMATION_FORMAT = "dwarf-with-dsym";
				ENABLE_NS_ASSERTIONS = NO;
				ENABLE_STRICT_OBJC_MSGSEND = YES;
				ENABLE_USER_SCRIPT_SANDBOXING = YES;
				GCC_C_LANGUAGE_STANDARD = gnu17;
				GCC_NO_COMMON_BLOCKS = YES;
				GCC_WARN_64_TO_32_BIT_CONVERSION = YES;
				GCC_WARN_ABOUT_RETURN_TYPE = YES_ERROR;
				GCC_WARN_UNDECLARED_SELECTOR = YES;
				GCC_WARN_UNINITIALIZED_AUTOS = YES_AGGRESSIVE;
				GCC_WARN_UNUSED_FUNCTION = YES;
				GCC_WARN_UNUSED_VARIABLE = YES;
				IPHONEOS_DEPLOYMENT_TARGET = 18.2;
				LOCALIZATION_PREFERS_STRING_CATALOGS = YES;
				MTL_ENABLE_DEBUG_INFO = NO;
				MTL_FAST_MATH = YES;
				SDKROOT = iphoneos;
				SWIFT_COMPILATION_MODE = wholemodule;
				VALIDATE_PRODUCT = YES;
			};
			name = Release;
		};
		AEE957982D98D69B00CDF712 /* Debug */ = {
			isa = XCBuildConfiguration;
			buildSettings = {
				ASSETCATALOG_COMPILER_APPICON_NAME = AppIcon;
				ASSETCATALOG_COMPILER_GLOBAL_ACCENT_COLOR_NAME = AccentColor;
				CODE_SIGN_STYLE = Automatic;
				CURRENT_PROJECT_VERSION = 1;
				DEVELOPMENT_ASSET_PATHS = "\"SkySync/Preview Content\"";
				ENABLE_PREVIEWS = YES;
				GENERATE_INFOPLIST_FILE = NO;
				INFOPLIST_FILE = SkySync/Info.plist;
				INFOPLIST_KEY_UIApplicationSceneManifest_Generation = YES;
				INFOPLIST_KEY_UIApplicationSupportsIndirectInputEvents = YES;
				INFOPLIST_KEY_UILaunchScreen_Generation = YES;
				INFOPLIST_KEY_UISupportedInterfaceOrientations_iPad = "UIInterfaceOrientationPortrait UIInterfaceOrientationPortraitUpsideDown UIInterfaceOrientationLandscapeLeft UIInterfaceOrientationLandscapeRight";
				INFOPLIST_KEY_UISupportedInterfaceOrientations_iPhone = UIInterfaceOrientationPortrait;
				LD_RUNPATH_SEARCH_PATHS = (
					"$(inherited)",
					"@executable_path/Frameworks",
				);
				MARKETING_VERSION = 1.0;
				PRODUCT_BUNDLE_IDENTIFIER = carloshernandez.SkySync;
				PRODUCT_NAME = "$(TARGET_NAME)";
				SWIFT_EMIT_LOC_STRINGS = YES;
				SWIFT_VERSION = 5.0;
				TARGETED_DEVICE_FAMILY = "1,2";
			};
			name = Debug;
		};
		AEE957992D98D69B00CDF712 /* Release */ = {
			isa = XCBuildConfiguration;
			buildSettings = {
				ASSETCATALOG_COMPILER_APPICON_NAME = AppIcon;
				ASSETCATALOG_COMPILER_GLOBAL_ACCENT_COLOR_NAME = AccentColor;
				CODE_SIGN_STYLE = Automatic;
				CURRENT_PROJECT_VERSION = 1;
				DEVELOPMENT_ASSET_PATHS = "\"SkySync/Preview Content\"";
				ENABLE_PREVIEWS = YES;
				GENERATE_INFOPLIST_FILE = NO;
				INFOPLIST_FILE = SkySync/Info.plist;
				INFOPLIST_KEY_UIApplicationSceneManifest_Generation = YES;
				INFOPLIST_KEY_UIApplicationSupportsIndirectInputEvents = YES;
				INFOPLIST_KEY_UILaunchScreen_Generation = YES;
				INFOPLIST_KEY_UISupportedInterfaceOrientations_iPad = "UIInterfaceOrientationPortrait UIInterfaceOrientationPortraitUpsideDown UIInterfaceOrientationLandscapeLeft UIInterfaceOrientationLandscapeRight";
				INFOPLIST_KEY_UISupportedInterfaceOrientations_iPhone = UIInterfaceOrientationPortrait;
				LD_RUNPATH_SEARCH_PATHS = (
					"$(inherited)",
					"@executable_path/Frameworks",
				);
				MARKETING_VERSION = 1.0;
				PRODUCT_BUNDLE_IDENTIFIER = carloshernandez.SkySync;
				PRODUCT_NAME = "$(TARGET_NAME)";
				SWIFT_EMIT_LOC_STRINGS = YES;
				SWIFT_VERSION = 5.0;
				TARGETED_DEVICE_FAMILY = "1,2";
			};
			name = Release;
		};
		AEE9579B2D98D69B00CDF712 /* Debug */ = {
			isa = XCBuildConfiguration;
			buildSettings = {
				BUNDLE_LOADER = "$(TEST_HOST)";
				CODE_SIGN_STYLE = Automatic;
				CURRENT_PROJECT_VERSION = 1;
				GENERATE_INFOPLIST_FILE = YES;
				IPHONEOS_DEPLOYMENT_TARGET = 18.2;
				MARKETING_VERSION = 1.0;
				PRODUCT_BUNDLE_IDENTIFIER = carloshernandez.SkySyncTests;
				PRODUCT_NAME = "$(TARGET_NAME)";
				SWIFT_EMIT_LOC_STRINGS = NO;
				SWIFT_VERSION = 5.0;
				TARGETED_DEVICE_FAMILY = "1,2";
				TEST_HOST = "$(BUILT_PRODUCTS_DIR)/SkySync.app/$(BUNDLE_EXECUTABLE_FOLDER_PATH)/SkySync";
			};
			name = Debug;
		};
		AEE9579C2D98D69B00CDF712 /* Release */ = {
			isa = XCBuildConfiguration;
			buildSettings = {
				BUNDLE_LOADER = "$(TEST_HOST)";
				CODE_SIGN_STYLE = Automatic;
				CURRENT_PROJECT_VERSION = 1;
				GENERATE_INFOPLIST_FILE = YES;
				IPHONEOS_DEPLOYMENT_TARGET = 18.2;
				MARKETING_VERSION = 1.0;
				PRODUCT_BUNDLE_IDENTIFIER = carloshernandez.SkySyncTests;
				PRODUCT_NAME = "$(TARGET_NAME)";
				SWIFT_EMIT_LOC_STRINGS = NO;
				SWIFT_VERSION = 5.0;
				TARGETED_DEVICE_FAMILY = "1,2";
				TEST_HOST = "$(BUILT_PRODUCTS_DIR)/SkySync.app/$(BUNDLE_EXECUTABLE_FOLDER_PATH)/SkySync";
			};
			name = Release;
		};
		AEE9579E2D98D69B00CDF712 /* Debug */ = {
			isa = XCBuildConfiguration;
			buildSettings = {
				CODE_SIGN_STYLE = Automatic;
				CURRENT_PROJECT_VERSION = 1;
				GENERATE_INFOPLIST_FILE = YES;
				MARKETING_VERSION = 1.0;
				PRODUCT_BUNDLE_IDENTIFIER = carloshernandez.SkySyncUITests;
				PRODUCT_NAME = "$(TARGET_NAME)";
				SWIFT_EMIT_LOC_STRINGS = NO;
				SWIFT_VERSION = 5.0;
				TARGETED_DEVICE_FAMILY = "1,2";
				TEST_TARGET_NAME = SkySync;
			};
			name = Debug;
		};
		AEE9579F2D98D69B00CDF712 /* Release */ = {
			isa = XCBuildConfiguration;
			buildSettings = {
				CODE_SIGN_STYLE = Automatic;
				CURRENT_PROJECT_VERSION = 1;
				GENERATE_INFOPLIST_FILE = YES;
				MARKETING_VERSION = 1.0;
				PRODUCT_BUNDLE_IDENTIFIER = carloshernandez.SkySyncUITests;
				PRODUCT_NAME = "$(TARGET_NAME)";
				SWIFT_EMIT_LOC_STRINGS = NO;
				SWIFT_VERSION = 5.0;
				TARGETED_DEVICE_FAMILY = "1,2";
				TEST_TARGET_NAME = SkySync;
			};
			name = Release;
		};
/* End XCBuildConfiguration section */

/* Begin XCConfigurationList section */
		AEE9576C2D98D69900CDF712 /* Build configuration list for PBXProject "SkySync" */ = {
			isa = XCConfigurationList;
			buildConfigurations = (
				AEE957952D98D69B00CDF712 /* Debug */,
				AEE957962D98D69B00CDF712 /* Release */,
			);
			defaultConfigurationIsVisible = 0;
			defaultConfigurationName = Release;
		};
		AEE957972D98D69B00CDF712 /* Build configuration list for PBXNativeTarget "SkySync" */ = {
			isa = XCConfigurationList;
			buildConfigurations = (
				AEE957982D98D69B00CDF712 /* Debug */,
				AEE957992D98D69B00CDF712 /* Release */,
			);
			defaultConfigurationIsVisible = 0;
			defaultConfigurationName = Release;
		};
		AEE9579A2D98D69B00CDF712 /* Build configuration list for PBXNativeTarget "SkySyncTests" */ = {
			isa = XCConfigurationList;
			buildConfigurations = (
				AEE9579B2D98D69B00CDF712 /* Debug */,
				AEE9579C2D98D69B00CDF712 /* Release */,
			);
			defaultConfigurationIsVisible = 0;
			defaultConfigurationName = Release;
		};
		AEE9579D2D98D69B00CDF712 /* Build configuration list for PBXNativeTarget "SkySyncUITests" */ = {
			isa = XCConfigurationList;
			buildConfigurations = (
				AEE9579E2D98D69B00CDF712 /* Debug */,
				AEE9579F2D98D69B00CDF712 /* Release */,
			);
			defaultConfigurationIsVisible = 0;
			defaultConfigurationName = Release;
		};
/* End XCConfigurationList section */
	};
	rootObject = AEE957692D98D69900CDF712 /* Project object */;
}
